
Microsoft Visual Studio Solution File, Format Version 12.00
# Visual Studio 2012
Project("{FAE04EC0-301F-11D3-BF4B-00C04F79EFBC}") = "Easyliter", "Easyliter\Easyliter.csproj", "{6BDE6909-3BB8-4D69-8E37-9A9EAD00A4B8}"
EndProject
Project("{FAE04EC0-301F-11D3-BF4B-00C04F79EFBC}") = "Test", "Test\Test.csproj", "{3F72B61F-3BA1-4124-B7A8-2AAFE1034B3C}"
EndProject
Global
	GlobalSection(SolutionConfigurationPlatforms) = preSolution
		Debug|Any CPU = Debug|Any CPU
		Release|Any CPU = Release|Any CPU
	EndGlobalSection
	GlobalSection(ProjectConfigurationPlatforms) = postSolution
		{6BDE6909-3BB8-4D69-8E37-9A9EAD00A4B8}.Debug|Any CPU.ActiveCfg = Debug|Any CPU
		{6BDE6909-3BB8-4D69-8E37-9A9EAD00A4B8}.Debug|Any CPU.Build.0 = Debug|Any CPU
		{6BDE6909-3BB8-4D69-8E37-9A9EAD00A4B8}.Release|Any CPU.ActiveCfg = Release|Any CPU
		{6BDE6909-3BB8-4D69-8E37-9A9EAD00A4B8}.Release|Any CPU.Build.0 = Release|Any CPU
		{3F72B61F-3BA1-4124-B7A8-2AAFE1034B3C}.Debug|Any CPU.ActiveCfg = Debug|Any CPU
		{3F72B61F-3BA1-4124-B7A8-2AAFE1034B3C}.Debug|Any CPU.Build.0 = Debug|Any CPU
		{3F72B61F-3BA1-4124-B7A8-2AAFE1034B3C}.Release|Any CPU.ActiveCfg = Release|Any CPU
		{3F72B61F-3BA1-4124-B7A8-2AAFE1034B3C}.Release|Any CPU.Build.0 = Release|Any CPU
	EndGlobalSection
	GlobalSection(SolutionProperties) = preSolution
		HideSolutionNode = FALSE
	EndGlobalSection
EndGlobal
